github.com/PeterJohnBishop/solid-lamp v0.0.0-20251101051107-d0e5507a823b h1:F7mo4rzT9kfzuxK48KM3ZdyEk7N5VlWAhlLeEWFije8=
github.com/PeterJohnBishop/solid-lamp v0.0.0-20251101051107-d0e5507a823b/go.mod h1:D9/hKWPBj8b53LM5F50x75XH+hgHLrXum41C1rm0hB8=
github.com/joho/godotenv v1.5.1 h1:7eLL/+HRGLY0ldzfGMeQkb7vMd0as4CfYvUVzLqw0N0=
github.com/joho/godotenv v1.5.1/go.mod h1:f4LDr5Voq0i2e/R5DDNOoa2zzDfwtkZa6DnEwAbqwq4=
